
Microsoft Visual Studio Solution File, Format Version 12.00
# Visual Studio Version 17
VisualStudioVersion = 17.9.34728.123
MinimumVisualStudioVersion = 10.0.40219.1
Project("{FAE04EC0-301F-11D3-BF4B-00C04F79EFBC}") = "DataTableApp", "DataTableApp\DataTableApp.csproj", "{C9ACC49A-6A73-426C-AA73-9CBC668587DB}"
EndProject
Global
	GlobalSection(SolutionConfigurationPlatforms) = preSolution
		Debug|Any CPU = Debug|Any CPU
		Release|Any CPU = Release|Any CPU
	EndGlobalSection
	GlobalSection(ProjectConfigurationPlatforms) = postSolution
		{C9ACC49A-6A73-426C-AA73-9CBC668587DB}.Debug|Any CPU.ActiveCfg = Debug|Any CPU
		{C9ACC49A-6A73-426C-AA73-9CBC668587DB}.Debug|Any CPU.Build.0 = Debug|Any CPU
		{C9ACC49A-6A73-426C-AA73-9CBC668587DB}.Release|Any CPU.ActiveCfg = Release|Any CPU
		{C9ACC49A-6A73-426C-AA73-9CBC668587DB}.Release|Any CPU.Build.0 = Release|Any CPU
	EndGlobalSection
	GlobalSection(SolutionProperties) = preSolution
		HideSolutionNode = FALSE
	EndGlobalSection
	GlobalSection(ExtensibilityGlobals) = postSolution
		SolutionGuid = {187D0FD8-C8A4-44C1-8045-5F94F6BF8F23}
	EndGlobalSection
EndGlobal
